# This file is automatically @generated by Cargo.
# It is not intended for manual editing.
version = 4

[[package]]
name = "bitsliced-op"
version = "0.5.0"
source = "registry+https://github.com/rust-lang/crates.io-index"
checksum = "2ac6b76ff6ac8f4bae2b844dcf57f67edf1e14619372a0b45af73c43cbe2ff98"
dependencies = [
 "wide",
]

[[package]]
name = "bytemuck"
version = "1.24.0"
source = "registry+https://github.com/rust-lang/crates.io-index"
checksum = "1fbdf580320f38b612e485521afda1ee26d10cc9884efaaa750d383e13e3c5f4"

[[package]]
name = "fast-des"
version = "0.1.0"
dependencies = [
 "bitsliced-op",
 "wide",
]

[[package]]
name = "safe_arch"
version = "1.0.0"
source = "registry+https://github.com/rust-lang/crates.io-index"
checksum = "1f7caad094bd561859bcd467734a720c3c1f5d1f338995351fefe2190c45efed"
dependencies = [
 "bytemuck",
]

[[package]]
name = "wide"
version = "1.1.1"
source = "registry+https://github.com/rust-lang/crates.io-index"
checksum = "ac11b009ebeae802ed758530b6496784ebfee7a87b9abfbcaf3bbe25b814eb25"
dependencies = [
 "bytemuck",
 "safe_arch",
]
